
Microsoft Visual Studio Solution File, Format Version 12.00
# Visual Studio Version 16
VisualStudioVersion = 16.0.29009.5
MinimumVisualStudioVersion = 10.0.40219.1
Project("{9A19103F-16F7-4668-BE54-9A1E7A4F7556}") = "magazzinoApp", "magazzinoApp.csproj", "{D3952EE2-1900-40B8-84EB-E39F525823A5}"
EndProject
Global
	GlobalSection(SolutionConfigurationPlatforms) = preSolution
		Debug|Any CPU = Debug|Any CPU
		Release|Any CPU = Release|Any CPU
	EndGlobalSection
	GlobalSection(ProjectConfigurationPlatforms) = postSolution
		{D3952EE2-1900-40B8-84EB-E39F525823A5}.Debug|Any CPU.ActiveCfg = Debug|Any CPU
		{D3952EE2-1900-40B8-84EB-E39F525823A5}.Debug|Any CPU.Build.0 = Debug|Any CPU
		{D3952EE2-1900-40B8-84EB-E39F525823A5}.Release|Any CPU.ActiveCfg = Release|Any CPU
		{D3952EE2-1900-40B8-84EB-E39F525823A5}.Release|Any CPU.Build.0 = Release|Any CPU
	EndGlobalSection
	GlobalSection(SolutionProperties) = preSolution
		HideSolutionNode = FALSE
	EndGlobalSection
	GlobalSection(ExtensibilityGlobals) = postSolution
		SolutionGuid = {AA829464-DCE4-4AB2-80F7-703A144FE814}
	EndGlobalSection
EndGlobal
